
Microsoft Visual Studio Solution File, Format Version 12.00
# Visual Studio Version 17
VisualStudioVersion = 17.11.35222.181
MinimumVisualStudioVersion = 10.0.40219.1
Project("{FAE04EC0-301F-11D3-BF4B-00C04F79EFBC}") = "LocalTimeExpansion", "LocalTimeExpansion\LocalTimeExpansion.csproj", "{FE916BD9-C8DA-4318-BEAA-F9562F044336}"
EndProject
Global
	GlobalSection(SolutionConfigurationPlatforms) = preSolution
		Debug|Any CPU = Debug|Any CPU
		Release|Any CPU = Release|Any CPU
	EndGlobalSection
	GlobalSection(ProjectConfigurationPlatforms) = postSolution
		{FE916BD9-C8DA-4318-BEAA-F9562F044336}.Debug|Any CPU.ActiveCfg = Debug|Any CPU
		{FE916BD9-C8DA-4318-BEAA-F9562F044336}.Debug|Any CPU.Build.0 = Debug|Any CPU
		{FE916BD9-C8DA-4318-BEAA-F9562F044336}.Release|Any CPU.ActiveCfg = Release|Any CPU
		{FE916BD9-C8DA-4318-BEAA-F9562F044336}.Release|Any CPU.Build.0 = Release|Any CPU
	EndGlobalSection
	GlobalSection(SolutionProperties) = preSolution
		HideSolutionNode = FALSE
	EndGlobalSection
	GlobalSection(ExtensibilityGlobals) = postSolution
		SolutionGuid = {948360DC-140E-49A7-BE26-6D728C72CCB6}
	EndGlobalSection
EndGlobal
